// !$*UTF8*$!
{
	archiveVersion = 1;
	classes = {
	};
	objectVersion = 56;
	objects = {

/* Begin PBXBuildFile section */
		10547C8D2C44DEA40090D179 /* RecyklooApp.swift in Sources */ = {isa = PBXBuildFile; fileRef = 10547C8C2C44DEA40090D179 /* RecyklooApp.swift */; };
		10547C8F2C44DEA40090D179 /* ContentView.swift in Sources */ = {isa = PBXBuildFile; fileRef = 10547C8E2C44DEA40090D179 /* ContentView.swift */; };
		10547C962C44DEA50090D179 /* Preview Assets.xcassets in Resources */ = {isa = PBXBuildFile; fileRef = 10547C952C44DEA50090D179 /* Preview Assets.xcassets */; };
		227FD57A2C475E31006664E2 /* WasteCategoryView.swift in Sources */ = {isa = PBXBuildFile; fileRef = 227FD5792C475E31006664E2 /* WasteCategoryView.swift */; };
		432477312C4989020011A36A /* MapView.swift in Sources */ = {isa = PBXBuildFile; fileRef = 432477302C4989020011A36A /* MapView.swift */; };
		43889BAB2C4BEC0B008DF4ED /* WasteCard.swift in Sources */ = {isa = PBXBuildFile; fileRef = 43889BAA2C4BEC0B008DF4ED /* WasteCard.swift */; };
		43889BAF2C4BFB7A008DF4ED /* CustomStepper.swift in Sources */ = {isa = PBXBuildFile; fileRef = 43889BAE2C4BFB7A008DF4ED /* CustomStepper.swift */; };
		43889BB12C4C76F4008DF4ED /* WasteDetail.swift in Sources */ = {isa = PBXBuildFile; fileRef = 43889BB02C4C76F4008DF4ED /* WasteDetail.swift */; };
		43889BB32C4C833E008DF4ED /* MapViewModel.swift in Sources */ = {isa = PBXBuildFile; fileRef = 43889BB22C4C833E008DF4ED /* MapViewModel.swift */; };
		438DEFA02C48FB72008F6CA2 /* Assets.xcassets in Resources */ = {isa = PBXBuildFile; fileRef = 10547C922C44DEA50090D179 /* Assets.xcassets */; };
		438DEFA22C490423008F6CA2 /* PickupFormView.swift in Sources */ = {isa = PBXBuildFile; fileRef = 438DEFA12C490423008F6CA2 /* PickupFormView.swift */; };
		4393ED0C2C48244100D140EE /* WasteType.swift in Sources */ = {isa = PBXBuildFile; fileRef = 4393ED0B2C48244100D140EE /* WasteType.swift */; };
		4393ED0E2C48246500D140EE /* Waste.swift in Sources */ = {isa = PBXBuildFile; fileRef = 4393ED0D2C48246500D140EE /* Waste.swift */; };
		4393ED102C48248A00D140EE /* User.swift in Sources */ = {isa = PBXBuildFile; fileRef = 4393ED0F2C48248A00D140EE /* User.swift */; };
		4393ED122C48249E00D140EE /* Rombeng.swift in Sources */ = {isa = PBXBuildFile; fileRef = 4393ED112C48249E00D140EE /* Rombeng.swift */; };
		4393ED142C4824BE00D140EE /* Order.swift in Sources */ = {isa = PBXBuildFile; fileRef = 4393ED132C4824BE00D140EE /* Order.swift */; };
		4393ED162C4824D600D140EE /* Penjemputan.swift in Sources */ = {isa = PBXBuildFile; fileRef = 4393ED152C4824D600D140EE /* Penjemputan.swift */; };
		43ADDB572C48B336003D7E9A /* PickupFormViewModel.swift in Sources */ = {isa = PBXBuildFile; fileRef = 43ADDB562C48B336003D7E9A /* PickupFormViewModel.swift */; };
		43ADDB592C48B436003D7E9A /* LocationPickerView.swift in Sources */ = {isa = PBXBuildFile; fileRef = 43ADDB582C48B436003D7E9A /* LocationPickerView.swift */; };
/* End PBXBuildFile section */

/* Begin PBXFileReference section */
		10547C892C44DEA40090D179 /* Recykloo.app */ = {isa = PBXFileReference; explicitFileType = wrapper.application; includeInIndex = 0; path = Recykloo.app; sourceTree = BUILT_PRODUCTS_DIR; };
		10547C8C2C44DEA40090D179 /* RecyklooApp.swift */ = {isa = PBXFileReference; lastKnownFileType = sourcecode.swift; path = RecyklooApp.swift; sourceTree = "<group>"; };
		10547C8E2C44DEA40090D179 /* ContentView.swift */ = {isa = PBXFileReference; lastKnownFileType = sourcecode.swift; path = ContentView.swift; sourceTree = "<group>"; };
		10547C922C44DEA50090D179 /* Assets.xcassets */ = {isa = PBXFileReference; lastKnownFileType = folder.assetcatalog; path = Assets.xcassets; sourceTree = "<group>"; };
		10547C952C44DEA50090D179 /* Preview Assets.xcassets */ = {isa = PBXFileReference; lastKnownFileType = folder.assetcatalog; path = "Preview Assets.xcassets"; sourceTree = "<group>"; };
		227FD5792C475E31006664E2 /* WasteCategoryView.swift */ = {isa = PBXFileReference; lastKnownFileType = sourcecode.swift; path = WasteCategoryView.swift; sourceTree = "<group>"; };
		4324772F2C4919310011A36A /* Info.plist */ = {isa = PBXFileReference; lastKnownFileType = text.plist; path = Info.plist; sourceTree = "<group>"; };
		432477302C4989020011A36A /* MapView.swift */ = {isa = PBXFileReference; lastKnownFileType = sourcecode.swift; path = MapView.swift; sourceTree = "<group>"; };
		43889BAA2C4BEC0B008DF4ED /* WasteCard.swift */ = {isa = PBXFileReference; lastKnownFileType = sourcecode.swift; path = WasteCard.swift; sourceTree = "<group>"; };
		43889BAE2C4BFB7A008DF4ED /* CustomStepper.swift */ = {isa = PBXFileReference; lastKnownFileType = sourcecode.swift; path = CustomStepper.swift; sourceTree = "<group>"; };
		43889BB02C4C76F4008DF4ED /* WasteDetail.swift */ = {isa = PBXFileReference; lastKnownFileType = sourcecode.swift; path = WasteDetail.swift; sourceTree = "<group>"; };
		43889BB22C4C833E008DF4ED /* MapViewModel.swift */ = {isa = PBXFileReference; lastKnownFileType = sourcecode.swift; path = MapViewModel.swift; sourceTree = "<group>"; };
		438DEFA12C490423008F6CA2 /* PickupFormView.swift */ = {isa = PBXFileReference; lastKnownFileType = sourcecode.swift; path = PickupFormView.swift; sourceTree = "<group>"; };
		4393ED0B2C48244100D140EE /* WasteType.swift */ = {isa = PBXFileReference; lastKnownFileType = sourcecode.swift; path = WasteType.swift; sourceTree = "<group>"; };
		4393ED0D2C48246500D140EE /* Waste.swift */ = {isa = PBXFileReference; lastKnownFileType = sourcecode.swift; path = Waste.swift; sourceTree = "<group>"; };
		4393ED0F2C48248A00D140EE /* User.swift */ = {isa = PBXFileReference; lastKnownFileType = sourcecode.swift; path = User.swift; sourceTree = "<group>"; };
		4393ED112C48249E00D140EE /* Rombeng.swift */ = {isa = PBXFileReference; lastKnownFileType = sourcecode.swift; path = Rombeng.swift; sourceTree = "<group>"; };
		4393ED132C4824BE00D140EE /* Order.swift */ = {isa = PBXFileReference; lastKnownFileType = sourcecode.swift; path = Order.swift; sourceTree = "<group>"; };
		4393ED152C4824D600D140EE /* Penjemputan.swift */ = {isa = PBXFileReference; lastKnownFileType = sourcecode.swift; path = Penjemputan.swift; sourceTree = "<group>"; };
		43ADDB562C48B336003D7E9A /* PickupFormViewModel.swift */ = {isa = PBXFileReference; lastKnownFileType = sourcecode.swift; path = PickupFormViewModel.swift; sourceTree = "<group>"; };
		43ADDB582C48B436003D7E9A /* LocationPickerView.swift */ = {isa = PBXFileReference; lastKnownFileType = sourcecode.swift; path = LocationPickerView.swift; sourceTree = "<group>"; };
/* End PBXFileReference section */

/* Begin PBXFrameworksBuildPhase section */
		10547C862C44DEA40090D179 /* Frameworks */ = {
			isa = PBXFrameworksBuildPhase;
			buildActionMask = 2147483647;
			files = (
			);
			runOnlyForDeploymentPostprocessing = 0;
		};
/* End PBXFrameworksBuildPhase section */

/* Begin PBXGroup section */
		10547C802C44DEA40090D179 = {
			isa = PBXGroup;
			children = (
				10547C8B2C44DEA40090D179 /* Recykloo */,
				10547C8A2C44DEA40090D179 /* Products */,
			);
			sourceTree = "<group>";
		};
		10547C8A2C44DEA40090D179 /* Products */ = {
			isa = PBXGroup;
			children = (
				10547C892C44DEA40090D179 /* Recykloo.app */,
			);
			name = Products;
			sourceTree = "<group>";
		};
		10547C8B2C44DEA40090D179 /* Recykloo */ = {
			isa = PBXGroup;
			children = (
				4324772F2C4919310011A36A /* Info.plist */,
				43ADDB552C48B31A003D7E9A /* ViewModels */,
				43ADDB542C48B30F003D7E9A /* Views */,
				430E4E962C48AB6400C5C646 /* Models */,
				10547C8E2C44DEA40090D179 /* ContentView.swift */,
				10547C8C2C44DEA40090D179 /* RecyklooApp.swift */,
				10547C922C44DEA50090D179 /* Assets.xcassets */,
				10547C942C44DEA50090D179 /* Preview Content */,
			);
			path = Recykloo;
			sourceTree = "<group>";
		};
		10547C942C44DEA50090D179 /* Preview Content */ = {
			isa = PBXGroup;
			children = (
				10547C952C44DEA50090D179 /* Preview Assets.xcassets */,
			);
			path = "Preview Content";
			sourceTree = "<group>";
		};
		430E4E962C48AB6400C5C646 /* Models */ = {
			isa = PBXGroup;
			children = (
				4393ED0B2C48244100D140EE /* WasteType.swift */,
				4393ED0D2C48246500D140EE /* Waste.swift */,
				4393ED0F2C48248A00D140EE /* User.swift */,
				4393ED112C48249E00D140EE /* Rombeng.swift */,
				4393ED132C4824BE00D140EE /* Order.swift */,
				4393ED152C4824D600D140EE /* Penjemputan.swift */,
			);
			path = Models;
			sourceTree = "<group>";
		};
		43889BAC2C4BEF44008DF4ED /* Pickup */ = {
			isa = PBXGroup;
			children = (
				227FD5792C475E31006664E2 /* WasteCategoryView.swift */,
				43ADDB582C48B436003D7E9A /* LocationPickerView.swift */,
				438DEFA12C490423008F6CA2 /* PickupFormView.swift */,
				432477302C4989020011A36A /* MapView.swift */,
				43889BAA2C4BEC0B008DF4ED /* WasteCard.swift */,
				43889BAE2C4BFB7A008DF4ED /* CustomStepper.swift */,
				43889BB02C4C76F4008DF4ED /* WasteDetail.swift */,
			);
			path = Pickup;
			sourceTree = "<group>";
		};
		43889BAD2C4BEF57008DF4ED /* Pickup */ = {
			isa = PBXGroup;
			children = (
				43ADDB562C48B336003D7E9A /* PickupFormViewModel.swift */,
				43889BB22C4C833E008DF4ED /* MapViewModel.swift */,
			);
			path = Pickup;
			sourceTree = "<group>";
		};
		43ADDB542C48B30F003D7E9A /* Views */ = {
			isa = PBXGroup;
			children = (
				43889BAC2C4BEF44008DF4ED /* Pickup */,
			);
			path = Views;
			sourceTree = "<group>";
		};
		43ADDB552C48B31A003D7E9A /* ViewModels */ = {
			isa = PBXGroup;
			children = (
				43889BAD2C4BEF57008DF4ED /* Pickup */,
			);
			path = ViewModels;
			sourceTree = "<group>";
		};
/* End PBXGroup section */

/* Begin PBXNativeTarget section */
		10547C882C44DEA40090D179 /* Recykloo */ = {
			isa = PBXNativeTarget;
			buildConfigurationList = 10547CAF2C44DEA50090D179 /* Build configuration list for PBXNativeTarget "Recykloo" */;
			buildPhases = (
				10547C852C44DEA40090D179 /* Sources */,
				10547C862C44DEA40090D179 /* Frameworks */,
				10547C872C44DEA40090D179 /* Resources */,
			);
			buildRules = (
			);
			dependencies = (
			);
			name = Recykloo;
			productName = Recykloo;
			productReference = 10547C892C44DEA40090D179 /* Recykloo.app */;
			productType = "com.apple.product-type.application";
		};
/* End PBXNativeTarget section */

/* Begin PBXProject section */
		10547C812C44DEA40090D179 /* Project object */ = {
			isa = PBXProject;
			attributes = {
				BuildIndependentTargetsInParallel = 1;
				LastSwiftUpdateCheck = 1520;
				LastUpgradeCheck = 1520;
				TargetAttributes = {
					10547C882C44DEA40090D179 = {
						CreatedOnToolsVersion = 15.2;
					};
				};
			};
			buildConfigurationList = 10547C842C44DEA40090D179 /* Build configuration list for PBXProject "Recykloo" */;
			compatibilityVersion = "Xcode 14.0";
			developmentRegion = en;
			hasScannedForEncodings = 0;
			knownRegions = (
				en,
				Base,
			);
			mainGroup = 10547C802C44DEA40090D179;
			productRefGroup = 10547C8A2C44DEA40090D179 /* Products */;
			projectDirPath = "";
			projectRoot = "";
			targets = (
				10547C882C44DEA40090D179 /* Recykloo */,
			);
		};
/* End PBXProject section */

/* Begin PBXResourcesBuildPhase section */
		10547C872C44DEA40090D179 /* Resources */ = {
			isa = PBXResourcesBuildPhase;
			buildActionMask = 2147483647;
			files = (
				438DEFA02C48FB72008F6CA2 /* Assets.xcassets in Resources */,
				10547C962C44DEA50090D179 /* Preview Assets.xcassets in Resources */,
			);
			runOnlyForDeploymentPostprocessing = 0;
		};
/* End PBXResourcesBuildPhase section */

/* Begin PBXSourcesBuildPhase section */
		10547C852C44DEA40090D179 /* Sources */ = {
			isa = PBXSourcesBuildPhase;
			buildActionMask = 2147483647;
			files = (
				4393ED122C48249E00D140EE /* Rombeng.swift in Sources */,
				43889BAB2C4BEC0B008DF4ED /* WasteCard.swift in Sources */,
				4393ED0C2C48244100D140EE /* WasteType.swift in Sources */,
				4393ED142C4824BE00D140EE /* Order.swift in Sources */,
				43ADDB572C48B336003D7E9A /* PickupFormViewModel.swift in Sources */,
				432477312C4989020011A36A /* MapView.swift in Sources */,
				43889BB12C4C76F4008DF4ED /* WasteDetail.swift in Sources */,
				4393ED0E2C48246500D140EE /* Waste.swift in Sources */,
				4393ED102C48248A00D140EE /* User.swift in Sources */,
				438DEFA22C490423008F6CA2 /* PickupFormView.swift in Sources */,
				10547C8F2C44DEA40090D179 /* ContentView.swift in Sources */,
				4393ED162C4824D600D140EE /* Penjemputan.swift in Sources */,
				43889BAF2C4BFB7A008DF4ED /* CustomStepper.swift in Sources */,
				227FD57A2C475E31006664E2 /* WasteCategoryView.swift in Sources */,
				10547C8D2C44DEA40090D179 /* RecyklooApp.swift in Sources */,
				43ADDB592C48B436003D7E9A /* LocationPickerView.swift in Sources */,
				43889BB32C4C833E008DF4ED /* MapViewModel.swift in Sources */,
			);
			runOnlyForDeploymentPostprocessing = 0;
		};
/* End PBXSourcesBuildPhase section */

/* Begin XCBuildConfiguration section */
		10547CAD2C44DEA50090D179 /* Debug */ = {
			isa = XCBuildConfiguration;
			buildSettings = {
				ALWAYS_SEARCH_USER_PATHS = NO;
				ASSETCATALOG_COMPILER_GENERATE_SWIFT_ASSET_SYMBOL_EXTENSIONS = YES;
				CLANG_ANALYZER_NONNULL = YES;
				CLANG_ANALYZER_NUMBER_OBJECT_CONVERSION = YES_AGGRESSIVE;
				CLANG_CXX_LANGUAGE_STANDARD = "gnu++20";
				CLANG_ENABLE_MODULES = YES;
				CLANG_ENABLE_OBJC_ARC = YES;
				CLANG_ENABLE_OBJC_WEAK = YES;
				CLANG_WARN_BLOCK_CAPTURE_AUTORELEASING = YES;
				CLANG_WARN_BOOL_CONVERSION = YES;
				CLANG_WARN_COMMA = YES;
				CLANG_WARN_CONSTANT_CONVERSION = YES;
				CLANG_WARN_DEPRECATED_OBJC_IMPLEMENTATIONS = YES;
				CLANG_WARN_DIRECT_OBJC_ISA_USAGE = YES_ERROR;
				CLANG_WARN_DOCUMENTATION_COMMENTS = YES;
				CLANG_WARN_EMPTY_BODY = YES;
				CLANG_WARN_ENUM_CONVERSION = YES;
				CLANG_WARN_INFINITE_RECURSION = YES;
				CLANG_WARN_INT_CONVERSION = YES;
				CLANG_WARN_NON_LITERAL_NULL_CONVERSION = YES;
				CLANG_WARN_OBJC_IMPLICIT_RETAIN_SELF = YES;
				CLANG_WARN_OBJC_LITERAL_CONVERSION = YES;
				CLANG_WARN_OBJC_ROOT_CLASS = YES_ERROR;
				CLANG_WARN_QUOTED_INCLUDE_IN_FRAMEWORK_HEADER = YES;
				CLANG_WARN_RANGE_LOOP_ANALYSIS = YES;
				CLANG_WARN_STRICT_PROTOTYPES = YES;
				CLANG_WARN_SUSPICIOUS_MOVE = YES;
				CLANG_WARN_UNGUARDED_AVAILABILITY = YES_AGGRESSIVE;
				CLANG_WARN_UNREACHABLE_CODE = YES;
				CLANG_WARN__DUPLICATE_METHOD_MATCH = YES;
				COPY_PHASE_STRIP = NO;
				DEBUG_INFORMATION_FORMAT = dwarf;
				ENABLE_STRICT_OBJC_MSGSEND = YES;
				ENABLE_TESTABILITY = YES;
				ENABLE_USER_SCRIPT_SANDBOXING = YES;
				GCC_C_LANGUAGE_STANDARD = gnu17;
				GCC_DYNAMIC_NO_PIC = NO;
				GCC_NO_COMMON_BLOCKS = YES;
				GCC_OPTIMIZATION_LEVEL = 0;
				GCC_PREPROCESSOR_DEFINITIONS = (
					"DEBUG=1",
					"$(inherited)",
				);
				GCC_WARN_64_TO_32_BIT_CONVERSION = YES;
				GCC_WARN_ABOUT_RETURN_TYPE = YES_ERROR;
				GCC_WARN_UNDECLARED_SELECTOR = YES;
				GCC_WARN_UNINITIALIZED_AUTOS = YES_AGGRESSIVE;
				GCC_WARN_UNUSED_FUNCTION = YES;
				GCC_WARN_UNUSED_VARIABLE = YES;
				IPHONEOS_DEPLOYMENT_TARGET = 17.2;
				LOCALIZATION_PREFERS_STRING_CATALOGS = YES;
				MTL_ENABLE_DEBUG_INFO = INCLUDE_SOURCE;
				MTL_FAST_MATH = YES;
				ONLY_ACTIVE_ARCH = YES;
				SDKROOT = iphoneos;
				SWIFT_ACTIVE_COMPILATION_CONDITIONS = "DEBUG $(inherited)";
				SWIFT_OPTIMIZATION_LEVEL = "-Onone";
			};
			name = Debug;
		};
		10547CAE2C44DEA50090D179 /* Release */ = {
			isa = XCBuildConfiguration;
			buildSettings = {
				ALWAYS_SEARCH_USER_PATHS = NO;
				ASSETCATALOG_COMPILER_GENERATE_SWIFT_ASSET_SYMBOL_EXTENSIONS = YES;
				CLANG_ANALYZER_NONNULL = YES;
				CLANG_ANALYZER_NUMBER_OBJECT_CONVERSION = YES_AGGRESSIVE;
				CLANG_CXX_LANGUAGE_STANDARD = "gnu++20";
				CLANG_ENABLE_MODULES = YES;
				CLANG_ENABLE_OBJC_ARC = YES;
				CLANG_ENABLE_OBJC_WEAK = YES;
				CLANG_WARN_BLOCK_CAPTURE_AUTORELEASING = YES;
				CLANG_WARN_BOOL_CONVERSION = YES;
				CLANG_WARN_COMMA = YES;
				CLANG_WARN_CONSTANT_CONVERSION = YES;
				CLANG_WARN_DEPRECATED_OBJC_IMPLEMENTATIONS = YES;
				CLANG_WARN_DIRECT_OBJC_ISA_USAGE = YES_ERROR;
				CLANG_WARN_DOCUMENTATION_COMMENTS = YES;
				CLANG_WARN_EMPTY_BODY = YES;
				CLANG_WARN_ENUM_CONVERSION = YES;
				CLANG_WARN_INFINITE_RECURSION = YES;
				CLANG_WARN_INT_CONVERSION = YES;
				CLANG_WARN_NON_LITERAL_NULL_CONVERSION = YES;
				CLANG_WARN_OBJC_IMPLICIT_RETAIN_SELF = YES;
				CLANG_WARN_OBJC_LITERAL_CONVERSION = YES;
				CLANG_WARN_OBJC_ROOT_CLASS = YES_ERROR;
				CLANG_WARN_QUOTED_INCLUDE_IN_FRAMEWORK_HEADER = YES;
				CLANG_WARN_RANGE_LOOP_ANALYSIS = YES;
				CLANG_WARN_STRICT_PROTOTYPES = YES;
				CLANG_WARN_SUSPICIOUS_MOVE = YES;
				CLANG_WARN_UNGUARDED_AVAILABILITY = YES_AGGRESSIVE;
				CLANG_WARN_UNREACHABLE_CODE = YES;
				CLANG_WARN__DUPLICATE_METHOD_MATCH = YES;
				COPY_PHASE_STRIP = NO;
				DEBUG_INFORMATION_FORMAT = "dwarf-with-dsym";
				ENABLE_NS_ASSERTIONS = NO;
				ENABLE_STRICT_OBJC_MSGSEND = YES;
				ENABLE_USER_SCRIPT_SANDBOXING = YES;
				GCC_C_LANGUAGE_STANDARD = gnu17;
				GCC_NO_COMMON_BLOCKS = YES;
				GCC_WARN_64_TO_32_BIT_CONVERSION = YES;
				GCC_WARN_ABOUT_RETURN_TYPE = YES_ERROR;
				GCC_WARN_UNDECLARED_SELECTOR = YES;
				GCC_WARN_UNINITIALIZED_AUTOS = YES_AGGRESSIVE;
				GCC_WARN_UNUSED_FUNCTION = YES;
				GCC_WARN_UNUSED_VARIABLE = YES;
				IPHONEOS_DEPLOYMENT_TARGET = 17.2;
				LOCALIZATION_PREFERS_STRING_CATALOGS = YES;
				MTL_ENABLE_DEBUG_INFO = NO;
				MTL_FAST_MATH = YES;
				SDKROOT = iphoneos;
				SWIFT_COMPILATION_MODE = wholemodule;
				VALIDATE_PRODUCT = YES;
			};
			name = Release;
		};
		10547CB02C44DEA50090D179 /* Debug */ = {
			isa = XCBuildConfiguration;
			buildSettings = {
				ASSETCATALOG_COMPILER_APPICON_NAME = AppIcon;
				ASSETCATALOG_COMPILER_GLOBAL_ACCENT_COLOR_NAME = AccentColor;
				CODE_SIGN_STYLE = Automatic;
				CURRENT_PROJECT_VERSION = 1;
				DEVELOPMENT_ASSET_PATHS = "\"Recykloo/Preview Content\"";
				DEVELOPMENT_TEAM = D549JV5ACX;
				ENABLE_PREVIEWS = YES;
				GENERATE_INFOPLIST_FILE = YES;
				INFOPLIST_FILE = Recykloo/Info.plist;
				INFOPLIST_KEY_NSLocationWhenInUseUsageDescription = "This app needs your location to set pick-up location";
				INFOPLIST_KEY_UIApplicationSceneManifest_Generation = YES;
				INFOPLIST_KEY_UIApplicationSupportsIndirectInputEvents = YES;
				INFOPLIST_KEY_UILaunchScreen_Generation = YES;
				INFOPLIST_KEY_UISupportedInterfaceOrientations_iPad = "UIInterfaceOrientationPortrait UIInterfaceOrientationPortraitUpsideDown UIInterfaceOrientationLandscapeLeft UIInterfaceOrientationLandscapeRight";
				INFOPLIST_KEY_UISupportedInterfaceOrientations_iPhone = "UIInterfaceOrientationPortrait UIInterfaceOrientationLandscapeLeft UIInterfaceOrientationLandscapeRight";
				LD_RUNPATH_SEARCH_PATHS = (
					"$(inherited)",
					"@executable_path/Frameworks",
				);
				MARKETING_VERSION = 1.0;
				PRODUCT_BUNDLE_IDENTIFIER = com.ADA.Recykloo;
				PRODUCT_NAME = "$(TARGET_NAME)";
				SWIFT_EMIT_LOC_STRINGS = YES;
				SWIFT_VERSION = 5.0;
				TARGETED_DEVICE_FAMILY = "1,2";
			};
			name = Debug;
		};
		10547CB12C44DEA50090D179 /* Release */ = {
			isa = XCBuildConfiguration;
			buildSettings = {
				ASSETCATALOG_COMPILER_APPICON_NAME = AppIcon;
				ASSETCATALOG_COMPILER_GLOBAL_ACCENT_COLOR_NAME = AccentColor;
				CODE_SIGN_STYLE = Automatic;
				CURRENT_PROJECT_VERSION = 1;
				DEVELOPMENT_ASSET_PATHS = "\"Recykloo/Preview Content\"";
				DEVELOPMENT_TEAM = D549JV5ACX;
				ENABLE_PREVIEWS = YES;
				GENERATE_INFOPLIST_FILE = YES;
				INFOPLIST_FILE = Recykloo/Info.plist;
				INFOPLIST_KEY_NSLocationWhenInUseUsageDescription = "This app needs your location to set pick-up location";
				INFOPLIST_KEY_UIApplicationSceneManifest_Generation = YES;
				INFOPLIST_KEY_UIApplicationSupportsIndirectInputEvents = YES;
				INFOPLIST_KEY_UILaunchScreen_Generation = YES;
				INFOPLIST_KEY_UISupportedInterfaceOrientations_iPad = "UIInterfaceOrientationPortrait UIInterfaceOrientationPortraitUpsideDown UIInterfaceOrientationLandscapeLeft UIInterfaceOrientationLandscapeRight";
				INFOPLIST_KEY_UISupportedInterfaceOrientations_iPhone = "UIInterfaceOrientationPortrait UIInterfaceOrientationLandscapeLeft UIInterfaceOrientationLandscapeRight";
				LD_RUNPATH_SEARCH_PATHS = (
					"$(inherited)",
					"@executable_path/Frameworks",
				);
				MARKETING_VERSION = 1.0;
				PRODUCT_BUNDLE_IDENTIFIER = com.ADA.Recykloo;
				PRODUCT_NAME = "$(TARGET_NAME)";
				SWIFT_EMIT_LOC_STRINGS = YES;
				SWIFT_VERSION = 5.0;
				TARGETED_DEVICE_FAMILY = "1,2";
			};
			name = Release;
		};
/* End XCBuildConfiguration section */

/* Begin XCConfigurationList section */
		10547C842C44DEA40090D179 /* Build configuration list for PBXProject "Recykloo" */ = {
			isa = XCConfigurationList;
			buildConfigurations = (
				10547CAD2C44DEA50090D179 /* Debug */,
				10547CAE2C44DEA50090D179 /* Release */,
			);
			defaultConfigurationIsVisible = 0;
			defaultConfigurationName = Release;
		};
		10547CAF2C44DEA50090D179 /* Build configuration list for PBXNativeTarget "Recykloo" */ = {
			isa = XCConfigurationList;
			buildConfigurations = (
				10547CB02C44DEA50090D179 /* Debug */,
				10547CB12C44DEA50090D179 /* Release */,
			);
			defaultConfigurationIsVisible = 0;
			defaultConfigurationName = Release;
		};
/* End XCConfigurationList section */
	};
	rootObject = 10547C812C44DEA40090D179 /* Project object */;
}
